
Microsoft Visual Studio Solution File, Format Version 12.00
# Visual Studio Version 16
VisualStudioVersion = 16.0.29326.143
MinimumVisualStudioVersion = 10.0.40219.1
Project("{FAE04EC0-301F-11D3-BF4B-00C04F79EFBC}") = "AspNetFrameworkSimpleUiCrudAndFrontEnd", "AspNetFrameworkSimpleUiCrudAndFrontEnd\AspNetFrameworkSimpleUiCrudAndFrontEnd.csproj", "{0B32F20B-7C77-4FB1-A2BC-57EE392E4C5E}"
EndProject
Global
	GlobalSection(SolutionConfigurationPlatforms) = preSolution
		Debug|Any CPU = Debug|Any CPU
		Release|Any CPU = Release|Any CPU
	EndGlobalSection
	GlobalSection(ProjectConfigurationPlatforms) = postSolution
		{0B32F20B-7C77-4FB1-A2BC-57EE392E4C5E}.Debug|Any CPU.ActiveCfg = Debug|Any CPU
		{0B32F20B-7C77-4FB1-A2BC-57EE392E4C5E}.Debug|Any CPU.Build.0 = Debug|Any CPU
		{0B32F20B-7C77-4FB1-A2BC-57EE392E4C5E}.Release|Any CPU.ActiveCfg = Release|Any CPU
		{0B32F20B-7C77-4FB1-A2BC-57EE392E4C5E}.Release|Any CPU.Build.0 = Release|Any CPU
	EndGlobalSection
	GlobalSection(SolutionProperties) = preSolution
		HideSolutionNode = FALSE
	EndGlobalSection
	GlobalSection(ExtensibilityGlobals) = postSolution
		SolutionGuid = {706959CF-1E21-410E-B8A2-E660E6CDE3CA}
	EndGlobalSection
EndGlobal
